
Microsoft Visual Studio Solution File, Format Version 12.00
# Visual Studio 15
VisualStudioVersion = 15.0.28010.2048
MinimumVisualStudioVersion = 10.0.40219.1
Project("{E24C65DC-7377-472B-9ABA-BC803B73C61A}") = "Home", "Home\", "{45BB01C7-03B1-4AEF-9775-283BE4A7AC05}"
	ProjectSection(WebsiteProperties) = preProject
		TargetFrameworkMoniker = ".NETFramework,Version%3Dv4.0"
		Debug.AspNetCompiler.VirtualPath = "/localhost_44222"
		Debug.AspNetCompiler.PhysicalPath = "P:\Github\Secode.cn\Home\"
		Debug.AspNetCompiler.TargetPath = "PrecompiledWeb\localhost_44222\"
		Debug.AspNetCompiler.Updateable = "true"
		Debug.AspNetCompiler.ForceOverwrite = "true"
		Debug.AspNetCompiler.FixedNames = "false"
		Debug.AspNetCompiler.Debug = "True"
		Release.AspNetCompiler.VirtualPath = "/localhost_44222"
		Release.AspNetCompiler.PhysicalPath = "P:\Github\Secode.cn\Home\"
		Release.AspNetCompiler.TargetPath = "PrecompiledWeb\localhost_44222\"
		Release.AspNetCompiler.Updateable = "true"
		Release.AspNetCompiler.ForceOverwrite = "true"
		Release.AspNetCompiler.FixedNames = "false"
		Release.AspNetCompiler.Debug = "False"
		VWDPort = "44222"
	EndProjectSection
EndProject
Global
	GlobalSection(SolutionConfigurationPlatforms) = preSolution
		Debug|Any CPU = Debug|Any CPU
	EndGlobalSection
	GlobalSection(ProjectConfigurationPlatforms) = postSolution
		{45BB01C7-03B1-4AEF-9775-283BE4A7AC05}.Debug|Any CPU.ActiveCfg = Debug|Any CPU
		{45BB01C7-03B1-4AEF-9775-283BE4A7AC05}.Debug|Any CPU.Build.0 = Debug|Any CPU
	EndGlobalSection
	GlobalSection(SolutionProperties) = preSolution
		HideSolutionNode = FALSE
	EndGlobalSection
	GlobalSection(ExtensibilityGlobals) = postSolution
		SolutionGuid = {B3A3C424-DBC9-4EEF-9F26-02C5698FECD3}
	EndGlobalSection
EndGlobal
